{
    "_readme": [
        "This file locks the dependencies of your project to a known state",
        "Read more about it at https://getcomposer.org/doc/01-basic-usage.md#installing-dependencies",
        "This file is @generated automatically"
    ],
    "content-hash": "548053b011751629ee8e533e1c8d3cf1",
    "packages": [],
    "packages-dev": [
        {
            "name": "chillerlan/php-http-message-utils",
            "version": "2.2.2",
            "source": {
                "type": "git",
                "url": "https://github.com/chillerlan/php-http-message-utils.git",
                "reference": "56530b1773dba7593cd9aa9d28bf4a53ab8d44d8"
            },
            "dist": {
                "type": "zip",
                "url": "https://api.github.com/repos/chillerlan/php-http-message-utils/zipball/56530b1773dba7593cd9aa9d28bf4a53ab8d44d8",
                "reference": "56530b1773dba7593cd9aa9d28bf4a53ab8d44d8",
                "shasum": ""
            },
            "require": {
                "ext-fileinfo": "*",
                "ext-intl": "*",
                "ext-json": "*",
                "ext-mbstring": "*",
                "ext-simplexml": "*",
                "ext-zlib": "*",
                "php": "^8.1",
                "psr/http-client": "^1.0",
                "psr/http-factory": "^1.1",
                "psr/http-message": "^1.1 || ^2.0"
            },
            "provide": {
                "psr/http-client-implementation": "1.0"
            },
            "require-dev": {
                "chillerlan/phpunit-http": "^1.0",
                "ext-curl": "*",
                "guzzlehttp/guzzle": "^7.8",
                "phpmd/phpmd": "^2.15",
                "phpstan/phpstan": "^1.11",
                "phpstan/phpstan-deprecation-rules": "^1.2",
                "phpunit/phpunit": "^10.5",
                "slevomat/coding-standard": "^8.15",
                "squizlabs/php_codesniffer": "^3.10"
            },
            "suggest": {
                "chillerlan/php-httpinterface": "A PSR-18 HTTP client implementation",
                "chillerlan/php-oauth": "A PSR-7 OAuth client/handler that also acts as PSR-18 HTTP client",
                "chillerlan/psr-7": "A PSR-7/PSR-17 HTTP message and factory implementation."
            },
            "type": "library",
            "autoload": {
                "psr-4": {
                    "chillerlan\\HTTP\\Utils\\": "src"
                }
            },
            "notification-url": "https://packagist.org/downloads/",
            "license": [
                "MIT"
            ],
            "authors": [
                {
                    "name": "smiley",
                    "email": "smiley@chillerlan.net",
                    "homepage": "https://github.com/codemasher"
                }
            ],
            "description": "PSR-7/17/18 utilities",
            "keywords": [
                "http",
                "message",
                "psr-17",
                "psr-18",
                "psr-7"
            ],
            "support": {
                "issues": "https://github.com/chillerlan/php-http-message-utils/issues",
                "source": "https://github.com/chillerlan/php-http-message-utils"
            },
            "funding": [
                {
                    "url": "https://ko-fi.com/codemasher",
                    "type": "ko_fi"
                }
            ],
            "time": "2024-07-26T16:04:07+00:00"
        },
        {
            "name": "chillerlan/php-httpinterface",
            "version": "6.0.0",
            "source": {
                "type": "git",
                "url": "https://github.com/chillerlan/php-httpinterface.git",
                "reference": "75169ecb9d0a3c6ae4263934d2dbdc36d9944fb6"
            },
            "dist": {
                "type": "zip",
                "url": "https://api.github.com/repos/chillerlan/php-httpinterface/zipball/75169ecb9d0a3c6ae4263934d2dbdc36d9944fb6",
                "reference": "75169ecb9d0a3c6ae4263934d2dbdc36d9944fb6",
                "shasum": ""
            },
            "require": {
                "chillerlan/php-http-message-utils": "^2.2",
                "chillerlan/php-settings-container": "^3.1.1",
                "chillerlan/psr-7": "^1.0",
                "ext-curl": "*",
                "php": "^8.1",
                "psr/http-client": "^1.0",
                "psr/http-factory": "^1.0",
                "psr/http-message": "^1.1 || ^2.0",
                "psr/log": "^1.1 || ^2.0 || ^3.0"
            },
            "provide": {
                "psr/http-client-implementation": "1.0",
                "psr/http-factory-implementation": "1.0",
                "psr/http-message-implementation": "1.0"
            },
            "require-dev": {
                "chillerlan/phpunit-http": "^1.0",
                "phan/phan": "^5.4",
                "phpmd/phpmd": "^2.15",
                "phpunit/phpunit": "^10.5",
                "squizlabs/php_codesniffer": "^3.9"
            },
            "suggest": {
                "chillerlan/php-oauth": "A PSR-7 OAuth client/handler that also acts as PSR-18 HTTP client"
            },
            "type": "library",
            "autoload": {
                "psr-4": {
                    "chillerlan\\HTTP\\": "src/"
                }
            },
            "notification-url": "https://packagist.org/downloads/",
            "license": [
                "MIT"
            ],
            "authors": [
                {
                    "name": "smiley",
                    "email": "smiley@chillerlan.net",
                    "homepage": "https://github.com/codemasher"
                }
            ],
            "description": "A PSR-7/17/18 http message/client implementation",
            "keywords": [
                "client",
                "factory",
                "http",
                "message",
                "psr-17",
                "psr-18",
                "psr-7",
                "request",
                "response"
            ],
            "support": {
                "issues": "https://github.com/chillerlan/php-httpinterface/issues",
                "source": "https://github.com/chillerlan/php-httpinterface"
            },
            "funding": [
                {
                    "url": "https://ko-fi.com/codemasher",
                    "type": "ko_fi"
                }
            ],
            "time": "2024-03-15T22:17:35+00:00"
        },
        {
            "name": "chillerlan/php-settings-container",
            "version": "3.2.1",
            "source": {
                "type": "git",
                "url": "https://github.com/chillerlan/php-settings-container.git",
                "reference": "95ed3e9676a1d47cab2e3174d19b43f5dbf52681"
            },
            "dist": {
                "type": "zip",
                "url": "https://api.github.com/repos/chillerlan/php-settings-container/zipball/95ed3e9676a1d47cab2e3174d19b43f5dbf52681",
                "reference": "95ed3e9676a1d47cab2e3174d19b43f5dbf52681",
                "shasum": ""
            },
            "require": {
                "ext-json": "*",
                "php": "^8.1"
            },
            "require-dev": {
                "phpmd/phpmd": "^2.15",
                "phpstan/phpstan": "^1.11",
                "phpstan/phpstan-deprecation-rules": "^1.2",
                "phpunit/phpunit": "^10.5",
                "squizlabs/php_codesniffer": "^3.10"
            },
            "type": "library",
            "autoload": {
                "psr-4": {
                    "chillerlan\\Settings\\": "src"
                }
            },
            "notification-url": "https://packagist.org/downloads/",
            "license": [
                "MIT"
            ],
            "authors": [
                {
                    "name": "Smiley",
                    "email": "smiley@chillerlan.net",
                    "homepage": "https://github.com/codemasher"
                }
            ],
            "description": "A container class for immutable settings objects. Not a DI container.",
            "homepage": "https://github.com/chillerlan/php-settings-container",
            "keywords": [
                "Settings",
                "configuration",
                "container",
                "helper"
            ],
            "support": {
                "issues": "https://github.com/chillerlan/php-settings-container/issues",
                "source": "https://github.com/chillerlan/php-settings-container"
            },
            "funding": [
                {
                    "url": "https://www.paypal.com/donate?hosted_button_id=WLYUNAT9ZTJZ4",
                    "type": "custom"
                },
                {
                    "url": "https://ko-fi.com/codemasher",
                    "type": "ko_fi"
                }
            ],
            "time": "2024-07-16T11:13:48+00:00"
        },
        {
            "name": "chillerlan/psr-7",
            "version": "1.2.0",
            "source": {
                "type": "git",
                "url": "https://github.com/chillerlan/psr-7.git",
                "reference": "b31237460c8fe466ae939e2c3bff52da3619d257"
            },
            "dist": {
                "type": "zip",
                "url": "https://api.github.com/repos/chillerlan/psr-7/zipball/b31237460c8fe466ae939e2c3bff52da3619d257",
                "reference": "b31237460c8fe466ae939e2c3bff52da3619d257",
                "shasum": ""
            },
            "require": {
                "chillerlan/php-http-message-utils": "^2.2.2",
                "ext-mbstring": "*",
                "fig/http-message-util": "^1.1.5",
                "php": "^8.1",
                "psr/http-factory": "^1.1",
                "psr/http-message": "^1.1 || ^2.0"
            },
            "provide": {
                "psr/http-factory-implementation": "1.0",
                "psr/http-message-implementation": "1.0"
            },
            "require-dev": {
                "chillerlan/phpunit-http": "^1.0",
                "ext-simplexml": "*",
                "http-interop/http-factory-tests": "^2.1",
                "phan/phan": "^5.5.0",
                "phpmd/phpmd": "^2.15",
                "phpstan/phpstan": "^2.1.19",
                "phpstan/phpstan-deprecation-rules": "^2.0.3",
                "phpunit/phpunit": "^10.5",
                "slevomat/coding-standard": "^8.15",
                "squizlabs/php_codesniffer": "^3.10"
            },
            "suggest": {
                "chillerlan/php-http-message-utils": "Utilities for use with PSR-7 message objects.",
                "chillerlan/php-httpinterface": "A PSR-18 HTTP client implementation",
                "chillerlan/php-oauth": "A PSR-7 OAuth client/handler that also acts as PSR-18 HTTP client"
            },
            "type": "library",
            "autoload": {
                "psr-4": {
                    "chillerlan\\HTTP\\Psr7\\": "src"
                }
            },
            "notification-url": "https://packagist.org/downloads/",
            "license": [
                "MIT"
            ],
            "authors": [
                {
                    "name": "smiley",
                    "email": "smiley@chillerlan.net",
                    "homepage": "https://github.com/codemasher"
                },
                {
                    "name": "Contributors",
                    "homepage": "https://github.com/chillerlan/psr-7/graphs/contributors"
                }
            ],
            "description": "A PSR-7 HTTP message and PSR-17 HTTP factory implementation.",
            "homepage": "https://github.com/chillerlan/psr-7",
            "keywords": [
                "factory",
                "http",
                "message",
                "psr-17",
                "psr-7",
                "request",
                "response",
                "stream",
                "uri",
                "url"
            ],
            "support": {
                "docs": "https://chillerlan.github.io/psr-7/",
                "issues": "https://github.com/chillerlan/psr-7/issues",
                "source": "https://github.com/chillerlan/psr-7"
            },
            "funding": [
                {
                    "url": "https://ko-fi.com/codemasher",
                    "type": "Ko-Fi"
                }
            ],
            "time": "2025-07-27T13:59:30+00:00"
        },
        {
            "name": "fig/http-message-util",
            "version": "1.1.5",
            "source": {
                "type": "git",
                "url": "https://github.com/php-fig/http-message-util.git",
                "reference": "9d94dc0154230ac39e5bf89398b324a86f63f765"
            },
            "dist": {
                "type": "zip",
                "url": "https://api.github.com/repos/php-fig/http-message-util/zipball/9d94dc0154230ac39e5bf89398b324a86f63f765",
                "reference": "9d94dc0154230ac39e5bf89398b324a86f63f765",
                "shasum": ""
            },
            "require": {
                "php": "^5.3 || ^7.0 || ^8.0"
            },
            "suggest": {
                "psr/http-message": "The package containing the PSR-7 interfaces"
            },
            "type": "library",
            "extra": {
                "branch-alias": {
                    "dev-master": "1.1.x-dev"
                }
            },
            "autoload": {
                "psr-4": {
                    "Fig\\Http\\Message\\": "src/"
                }
            },
            "notification-url": "https://packagist.org/downloads/",
            "license": [
                "MIT"
            ],
            "authors": [
                {
                    "name": "PHP-FIG",
                    "homepage": "https://www.php-fig.org/"
                }
            ],
            "description": "Utility classes and constants for use with PSR-7 (psr/http-message)",
            "keywords": [
                "http",
                "http-message",
                "psr",
                "psr-7",
                "request",
                "response"
            ],
            "support": {
                "issues": "https://github.com/php-fig/http-message-util/issues",
                "source": "https://github.com/php-fig/http-message-util/tree/1.1.5"
            },
            "time": "2020-11-24T22:02:12+00:00"
        },
        {
            "name": "monolog/monolog",
            "version": "3.9.0",
            "source": {
                "type": "git",
                "url": "https://github.com/Seldaek/monolog.git",
                "reference": "10d85740180ecba7896c87e06a166e0c95a0e3b6"
            },
            "dist": {
                "type": "zip",
                "url": "https://api.github.com/repos/Seldaek/monolog/zipball/10d85740180ecba7896c87e06a166e0c95a0e3b6",
                "reference": "10d85740180ecba7896c87e06a166e0c95a0e3b6",
                "shasum": ""
            },
            "require": {
                "php": ">=8.1",
                "psr/log": "^2.0 || ^3.0"
            },
            "provide": {
                "psr/log-implementation": "3.0.0"
            },
            "require-dev": {
                "aws/aws-sdk-php": "^3.0",
                "doctrine/couchdb": "~1.0@dev",
                "elasticsearch/elasticsearch": "^7 || ^8",
                "ext-json": "*",
                "graylog2/gelf-php": "^1.4.2 || ^2.0",
                "guzzlehttp/guzzle": "^7.4.5",
                "guzzlehttp/psr7": "^2.2",
                "mongodb/mongodb": "^1.8",
                "php-amqplib/php-amqplib": "~2.4 || ^3",
                "php-console/php-console": "^3.1.8",
                "phpstan/phpstan": "^2",
                "phpstan/phpstan-deprecation-rules": "^2",
                "phpstan/phpstan-strict-rules": "^2",
                "phpunit/phpunit": "^10.5.17 || ^11.0.7",
                "predis/predis": "^1.1 || ^2",
                "rollbar/rollbar": "^4.0",
                "ruflin/elastica": "^7 || ^8",
                "symfony/mailer": "^5.4 || ^6",
                "symfony/mime": "^5.4 || ^6"
            },
            "suggest": {
                "aws/aws-sdk-php": "Allow sending log messages to AWS services like DynamoDB",
                "doctrine/couchdb": "Allow sending log messages to a CouchDB server",
                "elasticsearch/elasticsearch": "Allow sending log messages to an Elasticsearch server via official client",
                "ext-amqp": "Allow sending log messages to an AMQP server (1.0+ required)",
                "ext-curl": "Required to send log messages using the IFTTTHandler, the LogglyHandler, the SendGridHandler, the SlackWebhookHandler or the TelegramBotHandler",
                "ext-mbstring": "Allow to work properly with unicode symbols",
                "ext-mongodb": "Allow sending log messages to a MongoDB server (via driver)",
                "ext-openssl": "Required to send log messages using SSL",
                "ext-sockets": "Allow sending log messages to a Syslog server (via UDP driver)",
                "graylog2/gelf-php": "Allow sending log messages to a GrayLog2 server",
                "mongodb/mongodb": "Allow sending log messages to a MongoDB server (via library)",
                "php-amqplib/php-amqplib": "Allow sending log messages to an AMQP server using php-amqplib",
                "rollbar/rollbar": "Allow sending log messages to Rollbar",
                "ruflin/elastica": "Allow sending log messages to an Elastic Search server"
            },
            "type": "library",
            "extra": {
                "branch-alias": {
                    "dev-main": "3.x-dev"
                }
            },
            "autoload": {
                "psr-4": {
                    "Monolog\\": "src/Monolog"
                }
            },
            "notification-url": "https://packagist.org/downloads/",
            "license": [
                "MIT"
            ],
            "authors": [
                {
                    "name": "Jordi Boggiano",
                    "email": "j.boggiano@seld.be",
                    "homepage": "https://seld.be"
                }
            ],
            "description": "Sends your logs to files, sockets, inboxes, databases and various web services",
            "homepage": "https://github.com/Seldaek/monolog",
            "keywords": [
                "log",
                "logging",
                "psr-3"
            ],
            "support": {
                "issues": "https://github.com/Seldaek/monolog/issues",
                "source": "https://github.com/Seldaek/monolog/tree/3.9.0"
            },
            "funding": [
                {
                    "url": "https://github.com/Seldaek",
                    "type": "github"
                },
                {
                    "url": "https://tidelift.com/funding/github/packagist/monolog/monolog",
                    "type": "tidelift"
                }
            ],
            "time": "2025-03-24T10:02:05+00:00"
        },
        {
            "name": "psr/http-client",
            "version": "1.0.3",
            "source": {
                "type": "git",
                "url": "https://github.com/php-fig/http-client.git",
                "reference": "bb5906edc1c324c9a05aa0873d40117941e5fa90"
            },
            "dist": {
                "type": "zip",
                "url": "https://api.github.com/repos/php-fig/http-client/zipball/bb5906edc1c324c9a05aa0873d40117941e5fa90",
                "reference": "bb5906edc1c324c9a05aa0873d40117941e5fa90",
                "shasum": ""
            },
            "require": {
                "php": "^7.0 || ^8.0",
                "psr/http-message": "^1.0 || ^2.0"
            },
            "type": "library",
            "extra": {
                "branch-alias": {
                    "dev-master": "1.0.x-dev"
                }
            },
            "autoload": {
                "psr-4": {
                    "Psr\\Http\\Client\\": "src/"
                }
            },
            "notification-url": "https://packagist.org/downloads/",
            "license": [
                "MIT"
            ],
            "authors": [
                {
                    "name": "PHP-FIG",
                    "homepage": "https://www.php-fig.org/"
                }
            ],
            "description": "Common interface for HTTP clients",
            "homepage": "https://github.com/php-fig/http-client",
            "keywords": [
                "http",
                "http-client",
                "psr",
                "psr-18"
            ],
            "support": {
                "source": "https://github.com/php-fig/http-client"
            },
            "time": "2023-09-23T14:17:50+00:00"
        },
        {
            "name": "psr/http-factory",
            "version": "1.1.0",
            "source": {
                "type": "git",
                "url": "https://github.com/php-fig/http-factory.git",
                "reference": "2b4765fddfe3b508ac62f829e852b1501d3f6e8a"
            },
            "dist": {
                "type": "zip",
                "url": "https://api.github.com/repos/php-fig/http-factory/zipball/2b4765fddfe3b508ac62f829e852b1501d3f6e8a",
                "reference": "2b4765fddfe3b508ac62f829e852b1501d3f6e8a",
                "shasum": ""
            },
            "require": {
                "php": ">=7.1",
                "psr/http-message": "^1.0 || ^2.0"
            },
            "type": "library",
            "extra": {
                "branch-alias": {
                    "dev-master": "1.0.x-dev"
                }
            },
            "autoload": {
                "psr-4": {
                    "Psr\\Http\\Message\\": "src/"
                }
            },
            "notification-url": "https://packagist.org/downloads/",
            "license": [
                "MIT"
            ],
            "authors": [
                {
                    "name": "PHP-FIG",
                    "homepage": "https://www.php-fig.org/"
                }
            ],
            "description": "PSR-17: Common interfaces for PSR-7 HTTP message factories",
            "keywords": [
                "factory",
                "http",
                "message",
                "psr",
                "psr-17",
                "psr-7",
                "request",
                "response"
            ],
            "support": {
                "source": "https://github.com/php-fig/http-factory"
            },
            "time": "2024-04-15T12:06:14+00:00"
        },
        {
            "name": "psr/http-message",
            "version": "2.0",
            "source": {
                "type": "git",
                "url": "https://github.com/php-fig/http-message.git",
                "reference": "402d35bcb92c70c026d1a6a9883f06b2ead23d71"
            },
            "dist": {
                "type": "zip",
                "url": "https://api.github.com/repos/php-fig/http-message/zipball/402d35bcb92c70c026d1a6a9883f06b2ead23d71",
                "reference": "402d35bcb92c70c026d1a6a9883f06b2ead23d71",
                "shasum": ""
            },
            "require": {
                "php": "^7.2 || ^8.0"
            },
            "type": "library",
            "extra": {
                "branch-alias": {
                    "dev-master": "2.0.x-dev"
                }
            },
            "autoload": {
                "psr-4": {
                    "Psr\\Http\\Message\\": "src/"
                }
            },
            "notification-url": "https://packagist.org/downloads/",
            "license": [
                "MIT"
            ],
            "authors": [
                {
                    "name": "PHP-FIG",
                    "homepage": "https://www.php-fig.org/"
                }
            ],
            "description": "Common interface for HTTP messages",
            "homepage": "https://github.com/php-fig/http-message",
            "keywords": [
                "http",
                "http-message",
                "psr",
                "psr-7",
                "request",
                "response"
            ],
            "support": {
                "source": "https://github.com/php-fig/http-message/tree/2.0"
            },
            "time": "2023-04-04T09:54:51+00:00"
        },
        {
            "name": "psr/log",
            "version": "3.0.2",
            "source": {
                "type": "git",
                "url": "https://github.com/php-fig/log.git",
                "reference": "f16e1d5863e37f8d8c2a01719f5b34baa2b714d3"
            },
            "dist": {
                "type": "zip",
                "url": "https://api.github.com/repos/php-fig/log/zipball/f16e1d5863e37f8d8c2a01719f5b34baa2b714d3",
                "reference": "f16e1d5863e37f8d8c2a01719f5b34baa2b714d3",
                "shasum": ""
            },
            "require": {
                "php": ">=8.0.0"
            },
            "type": "library",
            "extra": {
                "branch-alias": {
                    "dev-master": "3.x-dev"
                }
            },
            "autoload": {
                "psr-4": {
                    "Psr\\Log\\": "src"
                }
            },
            "notification-url": "https://packagist.org/downloads/",
            "license": [
                "MIT"
            ],
            "authors": [
                {
                    "name": "PHP-FIG",
                    "homepage": "https://www.php-fig.org/"
                }
            ],
            "description": "Common interface for logging libraries",
            "homepage": "https://github.com/php-fig/log",
            "keywords": [
                "log",
                "psr",
                "psr-3"
            ],
            "support": {
                "source": "https://github.com/php-fig/log/tree/3.0.2"
            },
            "time": "2024-09-11T13:17:53+00:00"
        }
    ],
    "aliases": [],
    "minimum-stability": "stable",
    "stability-flags": {},
    "prefer-stable": true,
    "prefer-lowest": false,
    "platform": {
        "php": "^8.1"
    },
    "platform-dev": {},
    "plugin-api-version": "2.6.0"
}
